
Microsoft Visual Studio Solution File, Format Version 12.00
# Visual Studio Version 17
VisualStudioVersion = 17.2.32616.157
MinimumVisualStudioVersion = 10.0.40219.1
Project("{FAE04EC0-301F-11D3-BF4B-00C04F79EFBC}") = "MetaCleaner", "MetaCleaner\MetaCleaner.csproj", "{A896EA1E-CFA1-4DC8-8144-B1A20BC5A352}"
EndProject
Global
	GlobalSection(SolutionConfigurationPlatforms) = preSolution
		Debug|Any CPU = Debug|Any CPU
		Release|Any CPU = Release|Any CPU
	EndGlobalSection
	GlobalSection(ProjectConfigurationPlatforms) = postSolution
		{A896EA1E-CFA1-4DC8-8144-B1A20BC5A352}.Debug|Any CPU.ActiveCfg = Debug|Any CPU
		{A896EA1E-CFA1-4DC8-8144-B1A20BC5A352}.Debug|Any CPU.Build.0 = Debug|Any CPU
		{A896EA1E-CFA1-4DC8-8144-B1A20BC5A352}.Release|Any CPU.ActiveCfg = Release|Any CPU
		{A896EA1E-CFA1-4DC8-8144-B1A20BC5A352}.Release|Any CPU.Build.0 = Release|Any CPU
	EndGlobalSection
	GlobalSection(SolutionProperties) = preSolution
		HideSolutionNode = FALSE
	EndGlobalSection
	GlobalSection(ExtensibilityGlobals) = postSolution
		SolutionGuid = {A4832891-E223-4B54-AA13-2D86B9738AC9}
	EndGlobalSection
EndGlobal
